{
    "name": "homebridge-iovalve",
    "version": "2.0.4",
    "lockfileVersion": 2,
    "requires": true,
    "packages": {
        "": {
            "version": "2.0.1",
            "license": "MIT",
            "dependencies": {
                "moment": "^2.29.1",
                "moment-duration-format": "^2.3.2",
                "onoff": "^6.0.1",
                "to-case": "^2.0.0"
            },
            "engines": {
                "homebridge": ">=0.2.0",
                "node": ">=0.12.0"
            }
        },
        "node_modules/bindings": {
            "version": "1.5.0",
            "resolved": "https://registry.npmjs.org/bindings/-/bindings-1.5.0.tgz",
            "integrity": "sha512-p2q/t/mhvuOj/UeLlV6566GD/guowlr0hHxClI0W9m7MWYkL1F0hLo+0Aexs9HSPCtR1SXQ0TD3MMKrXZajbiQ==",
            "dependencies": {
                "file-uri-to-path": "1.0.0"
            }
        },
        "node_modules/epoll": {
            "version": "4.0.0",
            "resolved": "https://registry.npmjs.org/epoll/-/epoll-4.0.0.tgz",
            "integrity": "sha512-dENZbykco5w/vsFHuhD/5zla9VHm3htP1ROoX9MCc6L/7LVqGPFfcGS/g+/+pQLUclKw4uR9HnaZmsZ6fi5n+Q==",
            "hasInstallScript": true,
            "dependencies": {
                "bindings": "^1.5.0",
                "nan": "^2.14.1"
            },
            "engines": {
                "node": ">=8.0.0"
            }
        },
        "node_modules/escape-regexp-component": {
            "version": "1.0.2",
            "resolved": "https://registry.npmjs.org/escape-regexp-component/-/escape-regexp-component-1.0.2.tgz",
            "integrity": "sha1-nGO20LJf8qiMOtvRjFthrMO5+qI="
        },
        "node_modules/file-uri-to-path": {
            "version": "1.0.0",
            "resolved": "https://registry.npmjs.org/file-uri-to-path/-/file-uri-to-path-1.0.0.tgz",
            "integrity": "sha512-0Zt+s3L7Vf1biwWZ29aARiVYLx7iMGnEUl9x33fbB/j3jR81u/O2LbqK+Bm1CDSNDKVtJ/YjwY7TUd5SkeLQLw=="
        },
        "node_modules/lodash.debounce": {
            "version": "4.0.8",
            "resolved": "https://registry.npmjs.org/lodash.debounce/-/lodash.debounce-4.0.8.tgz",
            "integrity": "sha1-gteb/zCmfEAF/9XiUVMArZyk168="
        },
        "node_modules/moment": {
            "version": "2.29.1",
            "resolved": "https://registry.npmjs.org/moment/-/moment-2.29.1.tgz",
            "integrity": "sha512-kHmoybcPV8Sqy59DwNDY3Jefr64lK/by/da0ViFcuA4DH0vQg5Q6Ze5VimxkfQNSC+Mls/Kx53s7TjP1RhFEDQ==",
            "engines": {
                "node": "*"
            }
        },
        "node_modules/moment-duration-format": {
            "version": "2.3.2",
            "resolved": "https://registry.npmjs.org/moment-duration-format/-/moment-duration-format-2.3.2.tgz",
            "integrity": "sha512-cBMXjSW+fjOb4tyaVHuaVE/A5TqkukDWiOfxxAjY+PEqmmBQlLwn+8OzwPiG3brouXKY5Un4pBjAeB6UToXHaQ=="
        },
        "node_modules/nan": {
            "version": "2.14.2",
            "resolved": "https://registry.npmjs.org/nan/-/nan-2.14.2.tgz",
            "integrity": "sha512-M2ufzIiINKCuDfBSAUr1vWQ+vuVcA9kqx8JJUsbQi6yf1uGRyb7HfpdfUr5qLXf3B/t8dPvcjhKMmlfnP47EzQ=="
        },
        "node_modules/onoff": {
            "version": "6.0.1",
            "resolved": "https://registry.npmjs.org/onoff/-/onoff-6.0.1.tgz",
            "integrity": "sha512-lqnVyUiWLbb4T6sWTaOeCJn682EPyxaTyfJ5bP5LiTa0KMDlVPQR0ngVgzV3SkRkd0JnNxPvwTNj7QVvZTZsAw==",
            "dependencies": {
                "epoll": "^4.0.0",
                "lodash.debounce": "^4.0.8"
            },
            "engines": {
                "node": ">=10.0.0"
            }
        },
        "node_modules/title-case-minors": {
            "version": "1.0.0",
            "resolved": "https://registry.npmjs.org/title-case-minors/-/title-case-minors-1.0.0.tgz",
            "integrity": "sha1-UfFwN8KUdHodHNpCS1AEyG2OsRU="
        },
        "node_modules/to-camel-case": {
            "version": "1.0.0",
            "resolved": "https://registry.npmjs.org/to-camel-case/-/to-camel-case-1.0.0.tgz",
            "integrity": "sha1-GlYFSy+daWKYzmamCJcyK29CPkY=",
            "dependencies": {
                "to-space-case": "^1.0.0"
            }
        },
        "node_modules/to-capital-case": {
            "version": "1.0.0",
            "resolved": "https://registry.npmjs.org/to-capital-case/-/to-capital-case-1.0.0.tgz",
            "integrity": "sha1-pXxQFP1aNyF88FCZ/4pCG7+cm38=",
            "dependencies": {
                "to-space-case": "^1.0.0"
            }
        },
        "node_modules/to-case": {
            "version": "2.0.0",
            "resolved": "https://registry.npmjs.org/to-case/-/to-case-2.0.0.tgz",
            "integrity": "sha1-aQHtkM2/rb96FtBol7+0Evo8Dwo=",
            "dependencies": {
                "to-camel-case": "^1.0.0",
                "to-capital-case": "^1.0.0",
                "to-constant-case": "^1.0.0",
                "to-dot-case": "^1.0.0",
                "to-no-case": "^1.0.0",
                "to-pascal-case": "^1.0.0",
                "to-sentence-case": "^1.0.0",
                "to-slug-case": "^1.0.0",
                "to-snake-case": "^1.0.0",
                "to-space-case": "^1.0.0",
                "to-title-case": "^1.0.0"
            }
        },
        "node_modules/to-constant-case": {
            "version": "1.0.0",
            "resolved": "https://registry.npmjs.org/to-constant-case/-/to-constant-case-1.0.0.tgz",
            "integrity": "sha1-Y/UnKbAOhRiL5+DjYXieXquqCBs=",
            "dependencies": {
                "to-snake-case": "^1.0.0"
            }
        },
        "node_modules/to-dot-case": {
            "version": "1.0.0",
            "resolved": "https://registry.npmjs.org/to-dot-case/-/to-dot-case-1.0.0.tgz",
            "integrity": "sha1-5ojxGjybpRHqwN0PASyVzJMW7Ds=",
            "dependencies": {
                "to-space-case": "^1.0.0"
            }
        },
        "node_modules/to-no-case": {
            "version": "1.0.2",
            "resolved": "https://registry.npmjs.org/to-no-case/-/to-no-case-1.0.2.tgz",
            "integrity": "sha1-xyKQcWTvaxeBMsjmmTAhLRtKoWo="
        },
        "node_modules/to-pascal-case": {
            "version": "1.0.0",
            "resolved": "https://registry.npmjs.org/to-pascal-case/-/to-pascal-case-1.0.0.tgz",
            "integrity": "sha1-C73I30SIhroBU15UMycEjQqhzng=",
            "dependencies": {
                "to-space-case": "^1.0.0"
            }
        },
        "node_modules/to-sentence-case": {
            "version": "1.0.0",
            "resolved": "https://registry.npmjs.org/to-sentence-case/-/to-sentence-case-1.0.0.tgz",
            "integrity": "sha1-xIO/NkdzflxzjvcAb+Ng1fmcVy4=",
            "dependencies": {
                "to-no-case": "^1.0.0"
            }
        },
        "node_modules/to-slug-case": {
            "version": "1.0.0",
            "resolved": "https://registry.npmjs.org/to-slug-case/-/to-slug-case-1.0.0.tgz",
            "integrity": "sha1-kqzeU0cQVaM8gwcZ6Ot4OHIG2BM=",
            "dependencies": {
                "to-space-case": "^1.0.0"
            }
        },
        "node_modules/to-snake-case": {
            "version": "1.0.0",
            "resolved": "https://registry.npmjs.org/to-snake-case/-/to-snake-case-1.0.0.tgz",
            "integrity": "sha1-znRpE4l5RgGah+Yu366upMYIq4w=",
            "dependencies": {
                "to-space-case": "^1.0.0"
            }
        },
        "node_modules/to-space-case": {
            "version": "1.0.0",
            "resolved": "https://registry.npmjs.org/to-space-case/-/to-space-case-1.0.0.tgz",
            "integrity": "sha1-sFLar7Gysp3HcM6gFj5ewOvJ/Bc=",
            "dependencies": {
                "to-no-case": "^1.0.0"
            }
        },
        "node_modules/to-title-case": {
            "version": "1.0.0",
            "resolved": "https://registry.npmjs.org/to-title-case/-/to-title-case-1.0.0.tgz",
            "integrity": "sha1-rKiPidYGTeUBCKl86g20SCfoAGE=",
            "dependencies": {
                "escape-regexp-component": "^1.0.2",
                "title-case-minors": "^1.0.0",
                "to-capital-case": "^1.0.0",
                "to-sentence-case": "^1.0.0"
            }
        }
    },
    "dependencies": {
        "bindings": {
            "version": "1.5.0",
            "resolved": "https://registry.npmjs.org/bindings/-/bindings-1.5.0.tgz",
            "integrity": "sha512-p2q/t/mhvuOj/UeLlV6566GD/guowlr0hHxClI0W9m7MWYkL1F0hLo+0Aexs9HSPCtR1SXQ0TD3MMKrXZajbiQ==",
            "requires": {
                "file-uri-to-path": "1.0.0"
            }
        },
        "epoll": {
            "version": "4.0.0",
            "resolved": "https://registry.npmjs.org/epoll/-/epoll-4.0.0.tgz",
            "integrity": "sha512-dENZbykco5w/vsFHuhD/5zla9VHm3htP1ROoX9MCc6L/7LVqGPFfcGS/g+/+pQLUclKw4uR9HnaZmsZ6fi5n+Q==",
            "requires": {
                "bindings": "^1.5.0",
                "nan": "^2.14.1"
            }
        },
        "escape-regexp-component": {
            "version": "1.0.2",
            "resolved": "https://registry.npmjs.org/escape-regexp-component/-/escape-regexp-component-1.0.2.tgz",
            "integrity": "sha1-nGO20LJf8qiMOtvRjFthrMO5+qI="
        },
        "file-uri-to-path": {
            "version": "1.0.0",
            "resolved": "https://registry.npmjs.org/file-uri-to-path/-/file-uri-to-path-1.0.0.tgz",
            "integrity": "sha512-0Zt+s3L7Vf1biwWZ29aARiVYLx7iMGnEUl9x33fbB/j3jR81u/O2LbqK+Bm1CDSNDKVtJ/YjwY7TUd5SkeLQLw=="
        },
        "lodash.debounce": {
            "version": "4.0.8",
            "resolved": "https://registry.npmjs.org/lodash.debounce/-/lodash.debounce-4.0.8.tgz",
            "integrity": "sha1-gteb/zCmfEAF/9XiUVMArZyk168="
        },
        "moment": {
            "version": "2.29.1",
            "resolved": "https://registry.npmjs.org/moment/-/moment-2.29.1.tgz",
            "integrity": "sha512-kHmoybcPV8Sqy59DwNDY3Jefr64lK/by/da0ViFcuA4DH0vQg5Q6Ze5VimxkfQNSC+Mls/Kx53s7TjP1RhFEDQ=="
        },
        "moment-duration-format": {
            "version": "2.3.2",
            "resolved": "https://registry.npmjs.org/moment-duration-format/-/moment-duration-format-2.3.2.tgz",
            "integrity": "sha512-cBMXjSW+fjOb4tyaVHuaVE/A5TqkukDWiOfxxAjY+PEqmmBQlLwn+8OzwPiG3brouXKY5Un4pBjAeB6UToXHaQ=="
        },
        "nan": {
            "version": "2.14.2",
            "resolved": "https://registry.npmjs.org/nan/-/nan-2.14.2.tgz",
            "integrity": "sha512-M2ufzIiINKCuDfBSAUr1vWQ+vuVcA9kqx8JJUsbQi6yf1uGRyb7HfpdfUr5qLXf3B/t8dPvcjhKMmlfnP47EzQ=="
        },
        "onoff": {
            "version": "6.0.1",
            "resolved": "https://registry.npmjs.org/onoff/-/onoff-6.0.1.tgz",
            "integrity": "sha512-lqnVyUiWLbb4T6sWTaOeCJn682EPyxaTyfJ5bP5LiTa0KMDlVPQR0ngVgzV3SkRkd0JnNxPvwTNj7QVvZTZsAw==",
            "requires": {
                "epoll": "^4.0.0",
                "lodash.debounce": "^4.0.8"
            }
        },
        "title-case-minors": {
            "version": "1.0.0",
            "resolved": "https://registry.npmjs.org/title-case-minors/-/title-case-minors-1.0.0.tgz",
            "integrity": "sha1-UfFwN8KUdHodHNpCS1AEyG2OsRU="
        },
        "to-camel-case": {
            "version": "1.0.0",
            "resolved": "https://registry.npmjs.org/to-camel-case/-/to-camel-case-1.0.0.tgz",
            "integrity": "sha1-GlYFSy+daWKYzmamCJcyK29CPkY=",
            "requires": {
                "to-space-case": "^1.0.0"
            }
        },
        "to-capital-case": {
            "version": "1.0.0",
            "resolved": "https://registry.npmjs.org/to-capital-case/-/to-capital-case-1.0.0.tgz",
            "integrity": "sha1-pXxQFP1aNyF88FCZ/4pCG7+cm38=",
            "requires": {
                "to-space-case": "^1.0.0"
            }
        },
        "to-case": {
            "version": "2.0.0",
            "resolved": "https://registry.npmjs.org/to-case/-/to-case-2.0.0.tgz",
            "integrity": "sha1-aQHtkM2/rb96FtBol7+0Evo8Dwo=",
            "requires": {
                "to-camel-case": "^1.0.0",
                "to-capital-case": "^1.0.0",
                "to-constant-case": "^1.0.0",
                "to-dot-case": "^1.0.0",
                "to-no-case": "^1.0.0",
                "to-pascal-case": "^1.0.0",
                "to-sentence-case": "^1.0.0",
                "to-slug-case": "^1.0.0",
                "to-snake-case": "^1.0.0",
                "to-space-case": "^1.0.0",
                "to-title-case": "^1.0.0"
            }
        },
        "to-constant-case": {
            "version": "1.0.0",
            "resolved": "https://registry.npmjs.org/to-constant-case/-/to-constant-case-1.0.0.tgz",
            "integrity": "sha1-Y/UnKbAOhRiL5+DjYXieXquqCBs=",
            "requires": {
                "to-snake-case": "^1.0.0"
            }
        },
        "to-dot-case": {
            "version": "1.0.0",
            "resolved": "https://registry.npmjs.org/to-dot-case/-/to-dot-case-1.0.0.tgz",
            "integrity": "sha1-5ojxGjybpRHqwN0PASyVzJMW7Ds=",
            "requires": {
                "to-space-case": "^1.0.0"
            }
        },
        "to-no-case": {
            "version": "1.0.2",
            "resolved": "https://registry.npmjs.org/to-no-case/-/to-no-case-1.0.2.tgz",
            "integrity": "sha1-xyKQcWTvaxeBMsjmmTAhLRtKoWo="
        },
        "to-pascal-case": {
            "version": "1.0.0",
            "resolved": "https://registry.npmjs.org/to-pascal-case/-/to-pascal-case-1.0.0.tgz",
            "integrity": "sha1-C73I30SIhroBU15UMycEjQqhzng=",
            "requires": {
                "to-space-case": "^1.0.0"
            }
        },
        "to-sentence-case": {
            "version": "1.0.0",
            "resolved": "https://registry.npmjs.org/to-sentence-case/-/to-sentence-case-1.0.0.tgz",
            "integrity": "sha1-xIO/NkdzflxzjvcAb+Ng1fmcVy4=",
            "requires": {
                "to-no-case": "^1.0.0"
            }
        },
        "to-slug-case": {
            "version": "1.0.0",
            "resolved": "https://registry.npmjs.org/to-slug-case/-/to-slug-case-1.0.0.tgz",
            "integrity": "sha1-kqzeU0cQVaM8gwcZ6Ot4OHIG2BM=",
            "requires": {
                "to-space-case": "^1.0.0"
            }
        },
        "to-snake-case": {
            "version": "1.0.0",
            "resolved": "https://registry.npmjs.org/to-snake-case/-/to-snake-case-1.0.0.tgz",
            "integrity": "sha1-znRpE4l5RgGah+Yu366upMYIq4w=",
            "requires": {
                "to-space-case": "^1.0.0"
            }
        },
        "to-space-case": {
            "version": "1.0.0",
            "resolved": "https://registry.npmjs.org/to-space-case/-/to-space-case-1.0.0.tgz",
            "integrity": "sha1-sFLar7Gysp3HcM6gFj5ewOvJ/Bc=",
            "requires": {
                "to-no-case": "^1.0.0"
            }
        },
        "to-title-case": {
            "version": "1.0.0",
            "resolved": "https://registry.npmjs.org/to-title-case/-/to-title-case-1.0.0.tgz",
            "integrity": "sha1-rKiPidYGTeUBCKl86g20SCfoAGE=",
            "requires": {
                "escape-regexp-component": "^1.0.2",
                "title-case-minors": "^1.0.0",
                "to-capital-case": "^1.0.0",
                "to-sentence-case": "^1.0.0"
            }
        }
    }
}
